
Microsoft Visual Studio Solution File, Format Version 12.00
# Visual Studio Version 16
VisualStudioVersion = 16.0.31624.102
MinimumVisualStudioVersion = 10.0.40219.1
Project("{9A19103F-16F7-4668-BE54-9A1E7A4F7556}") = "exercise_1_console_task_2", "exercise_1_console_task_2\exercise_1_console_task_2.csproj", "{BDB1BA43-EB91-4628-8C19-0705C2594BBC}"
EndProject
Project("{9A19103F-16F7-4668-BE54-9A1E7A4F7556}") = "exercise_1_console_task_1", "exercise_1_console_task_1\exercise_1_console_task_1.csproj", "{0C5DD7D5-336D-41B4-9E4D-AE885F8DF142}"
EndProject
Global
	GlobalSection(SolutionConfigurationPlatforms) = preSolution
		Debug|Any CPU = Debug|Any CPU
		Release|Any CPU = Release|Any CPU
	EndGlobalSection
	GlobalSection(ProjectConfigurationPlatforms) = postSolution
		{BDB1BA43-EB91-4628-8C19-0705C2594BBC}.Debug|Any CPU.ActiveCfg = Debug|Any CPU
		{BDB1BA43-EB91-4628-8C19-0705C2594BBC}.Debug|Any CPU.Build.0 = Debug|Any CPU
		{BDB1BA43-EB91-4628-8C19-0705C2594BBC}.Release|Any CPU.ActiveCfg = Release|Any CPU
		{BDB1BA43-EB91-4628-8C19-0705C2594BBC}.Release|Any CPU.Build.0 = Release|Any CPU
		{0C5DD7D5-336D-41B4-9E4D-AE885F8DF142}.Debug|Any CPU.ActiveCfg = Debug|Any CPU
		{0C5DD7D5-336D-41B4-9E4D-AE885F8DF142}.Debug|Any CPU.Build.0 = Debug|Any CPU
		{0C5DD7D5-336D-41B4-9E4D-AE885F8DF142}.Release|Any CPU.ActiveCfg = Release|Any CPU
		{0C5DD7D5-336D-41B4-9E4D-AE885F8DF142}.Release|Any CPU.Build.0 = Release|Any CPU
	EndGlobalSection
	GlobalSection(SolutionProperties) = preSolution
		HideSolutionNode = FALSE
	EndGlobalSection
	GlobalSection(ExtensibilityGlobals) = postSolution
		SolutionGuid = {8F78984F-6080-4452-8BBD-BADD2413F621}
	EndGlobalSection
EndGlobal
