
Microsoft Visual Studio Solution File, Format Version 12.00
# Visual Studio Version 16
VisualStudioVersion = 16.0.31624.102
MinimumVisualStudioVersion = 10.0.40219.1
Project("{FAE04EC0-301F-11D3-BF4B-00C04F79EFBC}") = "exercise_12_console_task_1", "exercise_12_console_task_1\exercise_12_console_task_1.csproj", "{90FE6310-B091-431F-B72C-F57C750EB76A}"
EndProject
Global
	GlobalSection(SolutionConfigurationPlatforms) = preSolution
		Debug|Any CPU = Debug|Any CPU
		Release|Any CPU = Release|Any CPU
	EndGlobalSection
	GlobalSection(ProjectConfigurationPlatforms) = postSolution
		{90FE6310-B091-431F-B72C-F57C750EB76A}.Debug|Any CPU.ActiveCfg = Debug|Any CPU
		{90FE6310-B091-431F-B72C-F57C750EB76A}.Debug|Any CPU.Build.0 = Debug|Any CPU
		{90FE6310-B091-431F-B72C-F57C750EB76A}.Release|Any CPU.ActiveCfg = Release|Any CPU
		{90FE6310-B091-431F-B72C-F57C750EB76A}.Release|Any CPU.Build.0 = Release|Any CPU
	EndGlobalSection
	GlobalSection(SolutionProperties) = preSolution
		HideSolutionNode = FALSE
	EndGlobalSection
	GlobalSection(ExtensibilityGlobals) = postSolution
		SolutionGuid = {629B1B4B-0ED1-4017-8834-F19235646591}
	EndGlobalSection
EndGlobal
