
Microsoft Visual Studio Solution File, Format Version 12.00
# Visual Studio Version 16
VisualStudioVersion = 16.0.31624.102
MinimumVisualStudioVersion = 10.0.40219.1
Project("{FAE04EC0-301F-11D3-BF4B-00C04F79EFBC}") = "exercise_7_console_task_1", "exercise_7_console_task_1\exercise_7_console_task_1.csproj", "{89D4BB8D-9882-46D8-B71C-15D496126819}"
EndProject
Project("{FAE04EC0-301F-11D3-BF4B-00C04F79EFBC}") = "exercise_7_console_task_2", "exercise_7_console_task_2\exercise_7_console_task_2.csproj", "{6E557357-1981-4816-8A25-247DC82F3050}"
EndProject
Global
	GlobalSection(SolutionConfigurationPlatforms) = preSolution
		Debug|Any CPU = Debug|Any CPU
		Release|Any CPU = Release|Any CPU
	EndGlobalSection
	GlobalSection(ProjectConfigurationPlatforms) = postSolution
		{89D4BB8D-9882-46D8-B71C-15D496126819}.Debug|Any CPU.ActiveCfg = Debug|Any CPU
		{89D4BB8D-9882-46D8-B71C-15D496126819}.Debug|Any CPU.Build.0 = Debug|Any CPU
		{89D4BB8D-9882-46D8-B71C-15D496126819}.Release|Any CPU.ActiveCfg = Release|Any CPU
		{89D4BB8D-9882-46D8-B71C-15D496126819}.Release|Any CPU.Build.0 = Release|Any CPU
		{6E557357-1981-4816-8A25-247DC82F3050}.Debug|Any CPU.ActiveCfg = Debug|Any CPU
		{6E557357-1981-4816-8A25-247DC82F3050}.Debug|Any CPU.Build.0 = Debug|Any CPU
		{6E557357-1981-4816-8A25-247DC82F3050}.Release|Any CPU.ActiveCfg = Release|Any CPU
		{6E557357-1981-4816-8A25-247DC82F3050}.Release|Any CPU.Build.0 = Release|Any CPU
	EndGlobalSection
	GlobalSection(SolutionProperties) = preSolution
		HideSolutionNode = FALSE
	EndGlobalSection
	GlobalSection(ExtensibilityGlobals) = postSolution
		SolutionGuid = {6DBBD168-5302-4775-9ED3-EC8A087627D0}
	EndGlobalSection
EndGlobal
