
Microsoft Visual Studio Solution File, Format Version 12.00
# Visual Studio Version 16
VisualStudioVersion = 16.0.31624.102
MinimumVisualStudioVersion = 10.0.40219.1
Project("{FAE04EC0-301F-11D3-BF4B-00C04F79EFBC}") = "exercise_8_console_task_1", "exercise_8_console_task_1\exercise_8_console_task_1.csproj", "{3DEC85F2-59C4-4ED2-A002-740F077FBBD8}"
EndProject
Global
	GlobalSection(SolutionConfigurationPlatforms) = preSolution
		Debug|Any CPU = Debug|Any CPU
		Release|Any CPU = Release|Any CPU
	EndGlobalSection
	GlobalSection(ProjectConfigurationPlatforms) = postSolution
		{3DEC85F2-59C4-4ED2-A002-740F077FBBD8}.Debug|Any CPU.ActiveCfg = Debug|Any CPU
		{3DEC85F2-59C4-4ED2-A002-740F077FBBD8}.Debug|Any CPU.Build.0 = Debug|Any CPU
		{3DEC85F2-59C4-4ED2-A002-740F077FBBD8}.Release|Any CPU.ActiveCfg = Release|Any CPU
		{3DEC85F2-59C4-4ED2-A002-740F077FBBD8}.Release|Any CPU.Build.0 = Release|Any CPU
	EndGlobalSection
	GlobalSection(SolutionProperties) = preSolution
		HideSolutionNode = FALSE
	EndGlobalSection
	GlobalSection(ExtensibilityGlobals) = postSolution
		SolutionGuid = {A65B5BAD-8FA7-4621-83DF-3BD96B8BF845}
	EndGlobalSection
EndGlobal
